# golden_ref.lock - gepinnter Golden-Referenz-Fingerabdruck (GOLDEN-REF-30).
# Erzeugt von: sh scripts/golden_ref.sh record --confirm "<reason>"
# Grund: GOLDEN-BASELINE-32 2026-10-02: 13 Goldens auf Apple M5 Pro/Metal 4 neu aufgenommen (7 UI + 6 library_* mit echten CR3-Decodes), GFC_KNOWN_RED geleert
#
# Format: eine Zeile pro Schluessel als <key>=<value>, '#'-Zeilen sind
# Kommentar, Schluesselreihenfolge ist Teil des Formats (kanonisch, von
# `check` erzwungen). Der Referenz-SOLL steht in
# feature/quality/golden-references.md. Diese Goldens sind ein LOKALES
# macOS-Gate und werden in CI nie verifiziert (kein GPU-Runner).
#
schema.golden_ref=1
os.name=macOS
os.macos=27.0.1
os.arch=arm64
os.cpu=Apple M5 Pro
toolchain.channel=stable
toolchain.rustc=1.98.0
wgpu.version=30.0.1
wgpu.backend=all->metal
wgpu.backend_env=unset
gpu.adapter=Apple M5 Pro
gpu.metal=Metal 4
font.resolution=egui-bundled-default
font.egui=0.36.2
ui.golden_px=1024x720
ui.scale_factor=1.0
libraw.version=0.22.2
fixtures.count=4
fixtures.digest=git:e949f6835ed1e4de980934547a995d96e122dba495f97e6a36e9a285226fea4a
goldens.count=66
goldens.digest=git:9cb231fe5c1457e49f882643aa4fc4d79b49f6ecdf6b55c88eaeb7f7ac3a7dcb
