# golden_ref.lock - gepinnter Golden-Referenz-Fingerabdruck (GOLDEN-REF-30).
# Erzeugt von: sh scripts/golden_ref.sh record --confirm "<reason>"
# Grund: GUI-INT-MASKLOCAL-38: vier neue mask-local Editor-Goldens (tone_curve, color, presence, detail), Klasse C/S2, byte-stabil auf dieser Plattform. fixtures.count 16->4 aus GOLDEN-FIXT-31 (11 synthetische .arw entfernt) und goldens.count 62->66 werden hiermit mitgepinnt. Keine bestehende Golden-Datei wurde veraendert; die 13 als stale bekannten Goldens bleiben unberuehrt und gehoeren weiter zu GOLDEN-BASELINE-32.
#
# Format: eine Zeile pro Schluessel als <key>=<value>, '#'-Zeilen sind
# Kommentar, Schluesselreihenfolge ist Teil des Formats (kanonisch, von
# `check` erzwungen). Der Referenz-SOLL steht in
# feature/quality/golden-references.md. Diese Goldens sind ein LOKALES
# macOS-Gate und werden in CI nie verifiziert (kein GPU-Runner).
#
schema.golden_ref=1
os.name=macOS
os.macos=27.0
os.arch=arm64
os.cpu=Apple M5 Pro
toolchain.channel=stable
toolchain.rustc=1.98.0
wgpu.version=30.0.1
wgpu.backend=all->metal
wgpu.backend_env=unset
gpu.adapter=Apple M5 Pro
gpu.metal=Metal 4
font.resolution=egui-bundled-default
font.egui=0.36.2
ui.golden_px=1024x720
ui.scale_factor=1.0
libraw.version=0.22.2
fixtures.count=4
fixtures.digest=git:e949f6835ed1e4de980934547a995d96e122dba495f97e6a36e9a285226fea4a
goldens.count=66
goldens.digest=git:507558ec0f6374ff250359e5310b50d09b5a3358ac0fa0d15aabcbf2298d835e
